<?xml version="1.0" encoding="utf-8"?>
<Project ToolsVersion="4.0" xmlns="http://schemas.microsoft.com/developer/msbuild/2003">
  <ItemGroup>
    <Filter Include="memory">
      <UniqueIdentifier>{3374eeff-795a-4302-8bc5-8b5a2a42aaf2}</UniqueIdentifier>
    </Filter>
    <Filter Include="memory\safetyhook">
      <UniqueIdentifier>{079b4e1e-0572-41d1-b4e9-1482ccc6976a}</UniqueIdentifier>
    </Filter>
    <Filter Include="memory\memory">
      <UniqueIdentifier>{a208a69b-719c-4dd0-8169-4407ee6e9b01}</UniqueIdentifier>
    </Filter>
    <Filter Include="signatures">
      <UniqueIdentifier>{61c76f87-0a7c-4e71-8e8f-3f4c87ad0467}</UniqueIdentifier>
    </Filter>
    <Filter Include="console">
      <UniqueIdentifier>{f100ecc5-afa4-4544-814b-300d1bbb7dbc}</UniqueIdentifier>
    </Filter>
    <Filter Include="hooks">
      <UniqueIdentifier>{3b624de6-0222-41b7-a4eb-f831b4140419}</UniqueIdentifier>
    </Filter>
  </ItemGroup>
  <ItemGroup>
    <ClCompile Include="safetyhook\safetyhook.cpp">
      <Filter>memory\safetyhook</Filter>
    </ClCompile>
    <ClCompile Include="safetyhook\Zydis.c">
      <Filter>memory\safetyhook</Filter>
    </ClCompile>
    <ClCompile Include="signatures.cpp">
      <Filter>signatures</Filter>
    </ClCompile>
    <ClCompile Include="dllmain.cpp" />
    <ClCompile Include="console.cpp">
      <Filter>console</Filter>
    </ClCompile>
    <ClCompile Include="hooks.cpp">
      <Filter>hooks</Filter>
    </ClCompile>
  </ItemGroup>
  <ItemGroup>
    <ClInclude Include="safetyhook\safetyhook.hpp">
      <Filter>memory\safetyhook</Filter>
    </ClInclude>
    <ClInclude Include="safetyhook\Zydis.h">
      <Filter>memory\safetyhook</Filter>
    </ClInclude>
    <ClInclude Include="memory.h">
      <Filter>memory\memory</Filter>
    </ClInclude>
    <ClInclude Include="signatures.h">
      <Filter>signatures</Filter>
    </ClInclude>
    <ClInclude Include="console.h">
      <Filter>console</Filter>
    </ClInclude>
    <ClInclude Include="hooks.h">
      <Filter>hooks</Filter>
    </ClInclude>
  </ItemGroup>
</Project>